
Microsoft Visual Studio Solution File, Format Version 12.00
# Visual Studio Version 17
VisualStudioVersion = 17.5.33627.172
MinimumVisualStudioVersion = 10.0.40219.1
Project("{8BC9CEB8-8B4A-11D0-8D11-00A0C91BC942}") = "ConsoleApplication1", "ConsoleApplication1\ConsoleApplication1.vcxproj", "{4469C460-9725-44C8-81C9-AF0A03F70317}"
EndProject
Project("{8BC9CEB8-8B4A-11D0-8D11-00A0C91BC942}") = "ConsoleApplication2", "ConsoleApplication2\ConsoleApplication2.vcxproj", "{88E6A28B-2BFD-4575-9A9E-207E5FFB15A1}"
EndProject
Global
	GlobalSection(SolutionConfigurationPlatforms) = preSolution
		Debug|x64 = Debug|x64
		Debug|x86 = Debug|x86
		Release|x64 = Release|x64
		Release|x86 = Release|x86
	EndGlobalSection
	GlobalSection(ProjectConfigurationPlatforms) = postSolution
		{4469C460-9725-44C8-81C9-AF0A03F70317}.Debug|x64.ActiveCfg = Debug|x64
		{4469C460-9725-44C8-81C9-AF0A03F70317}.Debug|x64.Build.0 = Debug|x64
		{4469C460-9725-44C8-81C9-AF0A03F70317}.Debug|x86.ActiveCfg = Debug|Win32
		{4469C460-9725-44C8-81C9-AF0A03F70317}.Debug|x86.Build.0 = Debug|Win32
		{4469C460-9725-44C8-81C9-AF0A03F70317}.Release|x64.ActiveCfg = Release|x64
		{4469C460-9725-44C8-81C9-AF0A03F70317}.Release|x64.Build.0 = Release|x64
		{4469C460-9725-44C8-81C9-AF0A03F70317}.Release|x86.ActiveCfg = Release|Win32
		{4469C460-9725-44C8-81C9-AF0A03F70317}.Release|x86.Build.0 = Release|Win32
		{88E6A28B-2BFD-4575-9A9E-207E5FFB15A1}.Debug|x64.ActiveCfg = Debug|x64
		{88E6A28B-2BFD-4575-9A9E-207E5FFB15A1}.Debug|x64.Build.0 = Debug|x64
		{88E6A28B-2BFD-4575-9A9E-207E5FFB15A1}.Debug|x86.ActiveCfg = Debug|Win32
		{88E6A28B-2BFD-4575-9A9E-207E5FFB15A1}.Debug|x86.Build.0 = Debug|Win32
		{88E6A28B-2BFD-4575-9A9E-207E5FFB15A1}.Release|x64.ActiveCfg = Release|x64
		{88E6A28B-2BFD-4575-9A9E-207E5FFB15A1}.Release|x64.Build.0 = Release|x64
		{88E6A28B-2BFD-4575-9A9E-207E5FFB15A1}.Release|x86.ActiveCfg = Release|Win32
		{88E6A28B-2BFD-4575-9A9E-207E5FFB15A1}.Release|x86.Build.0 = Release|Win32
	EndGlobalSection
	GlobalSection(SolutionProperties) = preSolution
		HideSolutionNode = FALSE
	EndGlobalSection
	GlobalSection(ExtensibilityGlobals) = postSolution
		SolutionGuid = {1B365B76-9AC9-4F52-97D6-5FD2C13BA1D4}
	EndGlobalSection
EndGlobal
